
Microsoft Visual Studio Solution File, Format Version 12.00
# Visual Studio Version 17
VisualStudioVersion = 17.10.34928.147
MinimumVisualStudioVersion = 10.0.40219.1
Project("{8BC9CEB8-8B4A-11D0-8D11-00A0C91BC942}") = "vPlayer_sdl2", "vPlayer_sdl2.vcxproj", "{5992D8EB-AD59-4765-9EF2-2D9130FF1358}"
EndProject
Global
	GlobalSection(SolutionConfigurationPlatforms) = preSolution
		Debug|x64 = Debug|x64
		Debug|x86 = Debug|x86
		Release|x64 = Release|x64
		Release|x86 = Release|x86
	EndGlobalSection
	GlobalSection(ProjectConfigurationPlatforms) = postSolution
		{5992D8EB-AD59-4765-9EF2-2D9130FF1358}.Debug|x64.ActiveCfg = Debug|x64
		{5992D8EB-AD59-4765-9EF2-2D9130FF1358}.Debug|x64.Build.0 = Debug|x64
		{5992D8EB-AD59-4765-9EF2-2D9130FF1358}.Debug|x86.ActiveCfg = Debug|Win32
		{5992D8EB-AD59-4765-9EF2-2D9130FF1358}.Debug|x86.Build.0 = Debug|Win32
		{5992D8EB-AD59-4765-9EF2-2D9130FF1358}.Release|x64.ActiveCfg = Release|x64
		{5992D8EB-AD59-4765-9EF2-2D9130FF1358}.Release|x64.Build.0 = Release|x64
		{5992D8EB-AD59-4765-9EF2-2D9130FF1358}.Release|x86.ActiveCfg = Release|Win32
		{5992D8EB-AD59-4765-9EF2-2D9130FF1358}.Release|x86.Build.0 = Release|Win32
	EndGlobalSection
	GlobalSection(SolutionProperties) = preSolution
		HideSolutionNode = FALSE
	EndGlobalSection
	GlobalSection(ExtensibilityGlobals) = postSolution
		SolutionGuid = {9FB2E737-C981-45AD-9487-BD6F07948C2D}
	EndGlobalSection
EndGlobal
